
Microsoft Visual Studio Solution File, Format Version 12.00
# Visual Studio Version 17
VisualStudioVersion = 17.9.34622.214
MinimumVisualStudioVersion = 10.0.40219.1
Project("{FAE04EC0-301F-11D3-BF4B-00C04F79EFBC}") = "Workhorser", "Workhorser\Workhorser.csproj", "{312C1B19-88D9-4F78-8235-D1CCA6D6B44D}"
EndProject
Project("{FAE04EC0-301F-11D3-BF4B-00C04F79EFBC}") = "Workhorser.TestConsole", "Workhorser.TestConsole\Workhorser.TestConsole.csproj", "{29DF83B8-4BFE-4EC8-9CE9-37F78BE0B17C}"
EndProject
Global
	GlobalSection(SolutionConfigurationPlatforms) = preSolution
		Debug|Any CPU = Debug|Any CPU
		Release|Any CPU = Release|Any CPU
	EndGlobalSection
	GlobalSection(ProjectConfigurationPlatforms) = postSolution
		{312C1B19-88D9-4F78-8235-D1CCA6D6B44D}.Debug|Any CPU.ActiveCfg = Debug|Any CPU
		{312C1B19-88D9-4F78-8235-D1CCA6D6B44D}.Debug|Any CPU.Build.0 = Debug|Any CPU
		{312C1B19-88D9-4F78-8235-D1CCA6D6B44D}.Release|Any CPU.ActiveCfg = Release|Any CPU
		{312C1B19-88D9-4F78-8235-D1CCA6D6B44D}.Release|Any CPU.Build.0 = Release|Any CPU
		{29DF83B8-4BFE-4EC8-9CE9-37F78BE0B17C}.Debug|Any CPU.ActiveCfg = Debug|Any CPU
		{29DF83B8-4BFE-4EC8-9CE9-37F78BE0B17C}.Debug|Any CPU.Build.0 = Debug|Any CPU
		{29DF83B8-4BFE-4EC8-9CE9-37F78BE0B17C}.Release|Any CPU.ActiveCfg = Release|Any CPU
		{29DF83B8-4BFE-4EC8-9CE9-37F78BE0B17C}.Release|Any CPU.Build.0 = Release|Any CPU
	EndGlobalSection
	GlobalSection(SolutionProperties) = preSolution
		HideSolutionNode = FALSE
	EndGlobalSection
	GlobalSection(ExtensibilityGlobals) = postSolution
		SolutionGuid = {D14A4DD1-5D7B-4B7A-B97F-A6DC7C96D19E}
	EndGlobalSection
EndGlobal
